{
    "_meta": {
        "hash": {
            "sha256": "baf5613718709f31220230bd1e348558babb0c35068883fead6fbd87637826ec"
        },
        "pipfile-spec": 6,
        "requires": {
            "python_version": "3.8"
        },
        "sources": [
            {
                "name": "pypi",
                "url": "https://pypi.python.org/simple",
                "verify_ssl": true
            }
        ]
    },
    "default": {
        "pyserial": {
            "hashes": [
                "sha256:6e2d401fdee0eab996cf734e67773a0143b932772ca8b42451440cfed942c627",
                "sha256:e0770fadba80c31013896c7e6ef703f72e7834965954a78e71a3049488d4d7d8"
            ],
            "index": "pypi",
            "version": "==3.4"
        },
        "tqdm": {
            "hashes": [
                "sha256:4f882b23c492e7060f50d83af86f163b67e4cfbe35dfe12077e748c56282f438",
                "sha256:f0fc945df434e5e612fb7eb93bf29e924940913590450c3760f198dd75a2cd19"
            ],
            "index": "pypi",
            "version": "==4.44.0"
        }
    },
    "develop": {}
}
